// !$*UTF8*$!
{
	archiveVersion = 1;
	classes = {
	};
	objectVersion = 56;
	objects = {

/* Begin PBXBuildFile section */
		F708EE4C2AB56A4000FFEAAF /* ActivityIndicator.swift in Sources */ = {isa = PBXBuildFile; fileRef = F708EE4B2AB56A4000FFEAAF /* ActivityIndicator.swift */; };
		F708EE4E2AB56B0500FFEAAF /* Color + Ext.swift in Sources */ = {isa = PBXBuildFile; fileRef = F708EE4D2AB56B0500FFEAAF /* Color + Ext.swift */; };
		F735DDD72AD42CA9005D2B80 /* AccountViewModel.swift in Sources */ = {isa = PBXBuildFile; fileRef = F735DDD62AD42CA9005D2B80 /* AccountViewModel.swift */; };
		F735DDD92AD42EE9005D2B80 /* String + Ext.swift in Sources */ = {isa = PBXBuildFile; fileRef = F735DDD82AD42EE9005D2B80 /* String + Ext.swift */; };
		F735DDDB2AD43B7D005D2B80 /* User.swift in Sources */ = {isa = PBXBuildFile; fileRef = F735DDDA2AD43B7D005D2B80 /* User.swift */; };
		F752D4352AAC391E002073CA /* AppetizerListCell.swift in Sources */ = {isa = PBXBuildFile; fileRef = F752D4342AAC391E002073CA /* AppetizerListCell.swift */; };
		F752D4372AAC431A002073CA /* Networking.swift in Sources */ = {isa = PBXBuildFile; fileRef = F752D4362AAC431A002073CA /* Networking.swift */; };
		F752D4392AAC451C002073CA /* APAlert.swift in Sources */ = {isa = PBXBuildFile; fileRef = F752D4382AAC451C002073CA /* APAlert.swift */; };
		F752D43B2AAC48A1002073CA /* AppetizerViewModel.swift in Sources */ = {isa = PBXBuildFile; fileRef = F752D43A2AAC48A1002073CA /* AppetizerViewModel.swift */; };
		F759B4EB2AD5955C00C20338 /* EmptyStatesView.swift in Sources */ = {isa = PBXBuildFile; fileRef = F759B4EA2AD5955C00C20338 /* EmptyStatesView.swift */; };
		F78CC3352AA1083C0099181C /* AppetizersApp.swift in Sources */ = {isa = PBXBuildFile; fileRef = F78CC3342AA1083C0099181C /* AppetizersApp.swift */; };
		F78CC3372AA1083C0099181C /* AppetizerTabView.swift in Sources */ = {isa = PBXBuildFile; fileRef = F78CC3362AA1083C0099181C /* AppetizerTabView.swift */; };
		F78CC3392AA1083D0099181C /* Assets.xcassets in Resources */ = {isa = PBXBuildFile; fileRef = F78CC3382AA1083D0099181C /* Assets.xcassets */; };
		F78CC33C2AA1083D0099181C /* Preview Assets.xcassets in Resources */ = {isa = PBXBuildFile; fileRef = F78CC33B2AA1083D0099181C /* Preview Assets.xcassets */; };
		F78CC3432AA108AF0099181C /* AppetizerListView.swift in Sources */ = {isa = PBXBuildFile; fileRef = F78CC3422AA108AF0099181C /* AppetizerListView.swift */; };
		F78CC3452AA108BE0099181C /* AccountView.swift in Sources */ = {isa = PBXBuildFile; fileRef = F78CC3442AA108BE0099181C /* AccountView.swift */; };
		F78CC3472AA108C40099181C /* OrderView.swift in Sources */ = {isa = PBXBuildFile; fileRef = F78CC3462AA108C40099181C /* OrderView.swift */; };
		F794C9382ADD602B00FFF013 /* Order.swift in Sources */ = {isa = PBXBuildFile; fileRef = F794C9372ADD602B00FFF013 /* Order.swift */; };
		F7A50E122AA60C7500D13A63 /* Appetizer.swift in Sources */ = {isa = PBXBuildFile; fileRef = F7A50E112AA60C7500D13A63 /* Appetizer.swift */; };
		F7BB26C22AED2725000C8C6C /* CustomModifiers.swift in Sources */ = {isa = PBXBuildFile; fileRef = F7BB26C12AED2725000C8C6C /* CustomModifiers.swift */; };
		F7C9ECCF2ABDB8F000E5A677 /* RemoteImage.swift in Sources */ = {isa = PBXBuildFile; fileRef = F7C9ECCE2ABDB8F000E5A677 /* RemoteImage.swift */; };
		F7C9ECE02ABDCCD600E5A677 /* AppetizerDetailView.swift in Sources */ = {isa = PBXBuildFile; fileRef = F7C9ECDF2ABDCCD600E5A677 /* AppetizerDetailView.swift */; };
		F7D3C1B32AB4237C00279E8B /* Alert.swift in Sources */ = {isa = PBXBuildFile; fileRef = F7D3C1B22AB4237C00279E8B /* Alert.swift */; };
		F7E694942AC0A28200EDB414 /* APButton.swift in Sources */ = {isa = PBXBuildFile; fileRef = F7E694932AC0A28200EDB414 /* APButton.swift */; };
		F7E694962AC0A4CF00EDB414 /* XDismissButton.swift in Sources */ = {isa = PBXBuildFile; fileRef = F7E694952AC0A4CF00EDB414 /* XDismissButton.swift */; };
/* End PBXBuildFile section */

/* Begin PBXFileReference section */
		F708EE4B2AB56A4000FFEAAF /* ActivityIndicator.swift */ = {isa = PBXFileReference; lastKnownFileType = sourcecode.swift; path = ActivityIndicator.swift; sourceTree = "<group>"; };
		F708EE4D2AB56B0500FFEAAF /* Color + Ext.swift */ = {isa = PBXFileReference; lastKnownFileType = sourcecode.swift; path = "Color + Ext.swift"; sourceTree = "<group>"; };
		F735DDD62AD42CA9005D2B80 /* AccountViewModel.swift */ = {isa = PBXFileReference; lastKnownFileType = sourcecode.swift; path = AccountViewModel.swift; sourceTree = "<group>"; };
		F735DDD82AD42EE9005D2B80 /* String + Ext.swift */ = {isa = PBXFileReference; lastKnownFileType = sourcecode.swift; path = "String + Ext.swift"; sourceTree = "<group>"; };
		F735DDDA2AD43B7D005D2B80 /* User.swift */ = {isa = PBXFileReference; lastKnownFileType = sourcecode.swift; path = User.swift; sourceTree = "<group>"; };
		F752D4342AAC391E002073CA /* AppetizerListCell.swift */ = {isa = PBXFileReference; lastKnownFileType = sourcecode.swift; path = AppetizerListCell.swift; sourceTree = "<group>"; };
		F752D4362AAC431A002073CA /* Networking.swift */ = {isa = PBXFileReference; lastKnownFileType = sourcecode.swift; path = Networking.swift; sourceTree = "<group>"; };
		F752D4382AAC451C002073CA /* APAlert.swift */ = {isa = PBXFileReference; lastKnownFileType = sourcecode.swift; path = APAlert.swift; sourceTree = "<group>"; };
		F752D43A2AAC48A1002073CA /* AppetizerViewModel.swift */ = {isa = PBXFileReference; lastKnownFileType = sourcecode.swift; path = AppetizerViewModel.swift; sourceTree = "<group>"; };
		F759B4EA2AD5955C00C20338 /* EmptyStatesView.swift */ = {isa = PBXFileReference; lastKnownFileType = sourcecode.swift; path = EmptyStatesView.swift; sourceTree = "<group>"; };
		F78CC3312AA1083C0099181C /* Appetizers.app */ = {isa = PBXFileReference; explicitFileType = wrapper.application; includeInIndex = 0; path = Appetizers.app; sourceTree = BUILT_PRODUCTS_DIR; };
		F78CC3342AA1083C0099181C /* AppetizersApp.swift */ = {isa = PBXFileReference; lastKnownFileType = sourcecode.swift; path = AppetizersApp.swift; sourceTree = "<group>"; };
		F78CC3362AA1083C0099181C /* AppetizerTabView.swift */ = {isa = PBXFileReference; lastKnownFileType = sourcecode.swift; path = AppetizerTabView.swift; sourceTree = "<group>"; };
		F78CC3382AA1083D0099181C /* Assets.xcassets */ = {isa = PBXFileReference; lastKnownFileType = folder.assetcatalog; path = Assets.xcassets; sourceTree = "<group>"; };
		F78CC33B2AA1083D0099181C /* Preview Assets.xcassets */ = {isa = PBXFileReference; lastKnownFileType = folder.assetcatalog; path = "Preview Assets.xcassets"; sourceTree = "<group>"; };
		F78CC3422AA108AF0099181C /* AppetizerListView.swift */ = {isa = PBXFileReference; lastKnownFileType = sourcecode.swift; path = AppetizerListView.swift; sourceTree = "<group>"; };
		F78CC3442AA108BE0099181C /* AccountView.swift */ = {isa = PBXFileReference; lastKnownFileType = sourcecode.swift; path = AccountView.swift; sourceTree = "<group>"; };
		F78CC3462AA108C40099181C /* OrderView.swift */ = {isa = PBXFileReference; lastKnownFileType = sourcecode.swift; path = OrderView.swift; sourceTree = "<group>"; };
		F794C9372ADD602B00FFF013 /* Order.swift */ = {isa = PBXFileReference; lastKnownFileType = sourcecode.swift; path = Order.swift; sourceTree = "<group>"; };
		F7A50E112AA60C7500D13A63 /* Appetizer.swift */ = {isa = PBXFileReference; lastKnownFileType = sourcecode.swift; path = Appetizer.swift; sourceTree = "<group>"; };
		F7BB26C12AED2725000C8C6C /* CustomModifiers.swift */ = {isa = PBXFileReference; lastKnownFileType = sourcecode.swift; path = CustomModifiers.swift; sourceTree = "<group>"; };
		F7C9ECCE2ABDB8F000E5A677 /* RemoteImage.swift */ = {isa = PBXFileReference; lastKnownFileType = sourcecode.swift; path = RemoteImage.swift; sourceTree = "<group>"; };
		F7C9ECDF2ABDCCD600E5A677 /* AppetizerDetailView.swift */ = {isa = PBXFileReference; lastKnownFileType = sourcecode.swift; path = AppetizerDetailView.swift; sourceTree = "<group>"; };
		F7D3C1B22AB4237C00279E8B /* Alert.swift */ = {isa = PBXFileReference; lastKnownFileType = sourcecode.swift; path = Alert.swift; sourceTree = "<group>"; };
		F7E694932AC0A28200EDB414 /* APButton.swift */ = {isa = PBXFileReference; lastKnownFileType = sourcecode.swift; path = APButton.swift; sourceTree = "<group>"; };
		F7E694952AC0A4CF00EDB414 /* XDismissButton.swift */ = {isa = PBXFileReference; lastKnownFileType = sourcecode.swift; path = XDismissButton.swift; sourceTree = "<group>"; };
/* End PBXFileReference section */

/* Begin PBXFrameworksBuildPhase section */
		F78CC32E2AA1083C0099181C /* Frameworks */ = {
			isa = PBXFrameworksBuildPhase;
			buildActionMask = 2147483647;
			files = (
			);
			runOnlyForDeploymentPostprocessing = 0;
		};
/* End PBXFrameworksBuildPhase section */

/* Begin PBXGroup section */
		F759B4E92AD5955200C20338 /* EmptyStates */ = {
			isa = PBXGroup;
			children = (
				F759B4EA2AD5955C00C20338 /* EmptyStatesView.swift */,
			);
			path = EmptyStates;
			sourceTree = "<group>";
		};
		F78CC3282AA1083C0099181C = {
			isa = PBXGroup;
			children = (
				F78CC3332AA1083C0099181C /* Appetizers */,
				F78CC3322AA1083C0099181C /* Products */,
			);
			sourceTree = "<group>";
		};
		F78CC3322AA1083C0099181C /* Products */ = {
			isa = PBXGroup;
			children = (
				F78CC3312AA1083C0099181C /* Appetizers.app */,
			);
			name = Products;
			sourceTree = "<group>";
		};
		F78CC3332AA1083C0099181C /* Appetizers */ = {
			isa = PBXGroup;
			children = (
				F78CC3342AA1083C0099181C /* AppetizersApp.swift */,
				F7C9ECD92ABDCB2000E5A677 /* Views */,
				F7C9ECD42ABDCA6800E5A677 /* Utilities */,
				F7C9ECD02ABDC99D00E5A677 /* Screens */,
				F7C9ECDC2ABDCB5C00E5A677 /* Models */,
				F78CC3382AA1083D0099181C /* Assets.xcassets */,
				F78CC33A2AA1083D0099181C /* Preview Content */,
			);
			path = Appetizers;
			sourceTree = "<group>";
		};
		F78CC33A2AA1083D0099181C /* Preview Content */ = {
			isa = PBXGroup;
			children = (
				F78CC33B2AA1083D0099181C /* Preview Assets.xcassets */,
			);
			path = "Preview Content";
			sourceTree = "<group>";
		};
		F7C9ECD02ABDC99D00E5A677 /* Screens */ = {
			isa = PBXGroup;
			children = (
				F78CC3362AA1083C0099181C /* AppetizerTabView.swift */,
				F7C9ECD22ABDCA3A00E5A677 /* OrderView */,
				F7C9ECD12ABDCA0600E5A677 /* AppetizerListView */,
				F7C9ECD32ABDCA4600E5A677 /* AccountView */,
			);
			path = Screens;
			sourceTree = "<group>";
		};
		F7C9ECD12ABDCA0600E5A677 /* AppetizerListView */ = {
			isa = PBXGroup;
			children = (
				F752D43A2AAC48A1002073CA /* AppetizerViewModel.swift */,
				F78CC3422AA108AF0099181C /* AppetizerListView.swift */,
				F7C9ECDF2ABDCCD600E5A677 /* AppetizerDetailView.swift */,
			);
			path = AppetizerListView;
			sourceTree = "<group>";
		};
		F7C9ECD22ABDCA3A00E5A677 /* OrderView */ = {
			isa = PBXGroup;
			children = (
				F78CC3462AA108C40099181C /* OrderView.swift */,
			);
			path = OrderView;
			sourceTree = "<group>";
		};
		F7C9ECD32ABDCA4600E5A677 /* AccountView */ = {
			isa = PBXGroup;
			children = (
				F78CC3442AA108BE0099181C /* AccountView.swift */,
				F735DDD62AD42CA9005D2B80 /* AccountViewModel.swift */,
			);
			path = AccountView;
			sourceTree = "<group>";
		};
		F7C9ECD42ABDCA6800E5A677 /* Utilities */ = {
			isa = PBXGroup;
			children = (
				F7C9ECD72ABDCA9E00E5A677 /* Alerts */,
				F7C9ECD62ABDCA8D00E5A677 /* Extensions */,
				F7C9ECD52ABDCA8600E5A677 /* Managers */,
			);
			path = Utilities;
			sourceTree = "<group>";
		};
		F7C9ECD52ABDCA8600E5A677 /* Managers */ = {
			isa = PBXGroup;
			children = (
				F752D4362AAC431A002073CA /* Networking.swift */,
			);
			path = Managers;
			sourceTree = "<group>";
		};
		F7C9ECD62ABDCA8D00E5A677 /* Extensions */ = {
			isa = PBXGroup;
			children = (
				F708EE4D2AB56B0500FFEAAF /* Color + Ext.swift */,
				F735DDD82AD42EE9005D2B80 /* String + Ext.swift */,
			);
			path = Extensions;
			sourceTree = "<group>";
		};
		F7C9ECD72ABDCA9E00E5A677 /* Alerts */ = {
			isa = PBXGroup;
			children = (
				F7D3C1B22AB4237C00279E8B /* Alert.swift */,
				F752D4382AAC451C002073CA /* APAlert.swift */,
			);
			path = Alerts;
			sourceTree = "<group>";
		};
		F7C9ECD82ABDCAEF00E5A677 /* Cells */ = {
			isa = PBXGroup;
			children = (
				F752D4342AAC391E002073CA /* AppetizerListCell.swift */,
			);
			path = Cells;
			sourceTree = "<group>";
		};
		F7C9ECD92ABDCB2000E5A677 /* Views */ = {
			isa = PBXGroup;
			children = (
				F759B4E92AD5955200C20338 /* EmptyStates */,
				F7E694902AC0A26600EDB414 /* Buttons */,
				F7C9ECDB2ABDCB4E00E5A677 /* UIKit + View */,
				F7C9ECDA2ABDCB3A00E5A677 /* Image */,
				F7C9ECD82ABDCAEF00E5A677 /* Cells */,
				F7BB26C12AED2725000C8C6C /* CustomModifiers.swift */,
			);
			name = Views;
			sourceTree = "<group>";
		};
		F7C9ECDA2ABDCB3A00E5A677 /* Image */ = {
			isa = PBXGroup;
			children = (
				F7C9ECCE2ABDB8F000E5A677 /* RemoteImage.swift */,
			);
			path = Image;
			sourceTree = "<group>";
		};
		F7C9ECDB2ABDCB4E00E5A677 /* UIKit + View */ = {
			isa = PBXGroup;
			children = (
				F708EE4B2AB56A4000FFEAAF /* ActivityIndicator.swift */,
			);
			path = "UIKit + View";
			sourceTree = "<group>";
		};
		F7C9ECDC2ABDCB5C00E5A677 /* Models */ = {
			isa = PBXGroup;
			children = (
				F7A50E112AA60C7500D13A63 /* Appetizer.swift */,
				F794C9372ADD602B00FFF013 /* Order.swift */,
				F735DDDA2AD43B7D005D2B80 /* User.swift */,
			);
			path = Models;
			sourceTree = "<group>";
		};
		F7E694902AC0A26600EDB414 /* Buttons */ = {
			isa = PBXGroup;
			children = (
				F7E694932AC0A28200EDB414 /* APButton.swift */,
				F7E694952AC0A4CF00EDB414 /* XDismissButton.swift */,
			);
			path = Buttons;
			sourceTree = "<group>";
		};
/* End PBXGroup section */

/* Begin PBXNativeTarget section */
		F78CC3302AA1083C0099181C /* Appetizers */ = {
			isa = PBXNativeTarget;
			buildConfigurationList = F78CC33F2AA1083D0099181C /* Build configuration list for PBXNativeTarget "Appetizers" */;
			buildPhases = (
				F78CC32D2AA1083C0099181C /* Sources */,
				F78CC32E2AA1083C0099181C /* Frameworks */,
				F78CC32F2AA1083C0099181C /* Resources */,
			);
			buildRules = (
			);
			dependencies = (
			);
			name = Appetizers;
			productName = Appetizers;
			productReference = F78CC3312AA1083C0099181C /* Appetizers.app */;
			productType = "com.apple.product-type.application";
		};
/* End PBXNativeTarget section */

/* Begin PBXProject section */
		F78CC3292AA1083C0099181C /* Project object */ = {
			isa = PBXProject;
			attributes = {
				BuildIndependentTargetsInParallel = 1;
				LastSwiftUpdateCheck = 1430;
				LastUpgradeCheck = 1430;
				TargetAttributes = {
					F78CC3302AA1083C0099181C = {
						CreatedOnToolsVersion = 14.3.1;
					};
				};
			};
			buildConfigurationList = F78CC32C2AA1083C0099181C /* Build configuration list for PBXProject "Appetizers" */;
			compatibilityVersion = "Xcode 14.0";
			developmentRegion = en;
			hasScannedForEncodings = 0;
			knownRegions = (
				en,
				Base,
			);
			mainGroup = F78CC3282AA1083C0099181C;
			productRefGroup = F78CC3322AA1083C0099181C /* Products */;
			projectDirPath = "";
			projectRoot = "";
			targets = (
				F78CC3302AA1083C0099181C /* Appetizers */,
			);
		};
/* End PBXProject section */

/* Begin PBXResourcesBuildPhase section */
		F78CC32F2AA1083C0099181C /* Resources */ = {
			isa = PBXResourcesBuildPhase;
			buildActionMask = 2147483647;
			files = (
				F78CC33C2AA1083D0099181C /* Preview Assets.xcassets in Resources */,
				F78CC3392AA1083D0099181C /* Assets.xcassets in Resources */,
			);
			runOnlyForDeploymentPostprocessing = 0;
		};
/* End PBXResourcesBuildPhase section */

/* Begin PBXSourcesBuildPhase section */
		F78CC32D2AA1083C0099181C /* Sources */ = {
			isa = PBXSourcesBuildPhase;
			buildActionMask = 2147483647;
			files = (
				F7A50E122AA60C7500D13A63 /* Appetizer.swift in Sources */,
				F752D4392AAC451C002073CA /* APAlert.swift in Sources */,
				F7E694962AC0A4CF00EDB414 /* XDismissButton.swift in Sources */,
				F7D3C1B32AB4237C00279E8B /* Alert.swift in Sources */,
				F794C9382ADD602B00FFF013 /* Order.swift in Sources */,
				F735DDD72AD42CA9005D2B80 /* AccountViewModel.swift in Sources */,
				F752D4352AAC391E002073CA /* AppetizerListCell.swift in Sources */,
				F708EE4C2AB56A4000FFEAAF /* ActivityIndicator.swift in Sources */,
				F735DDD92AD42EE9005D2B80 /* String + Ext.swift in Sources */,
				F735DDDB2AD43B7D005D2B80 /* User.swift in Sources */,
				F78CC3452AA108BE0099181C /* AccountView.swift in Sources */,
				F759B4EB2AD5955C00C20338 /* EmptyStatesView.swift in Sources */,
				F7E694942AC0A28200EDB414 /* APButton.swift in Sources */,
				F752D4372AAC431A002073CA /* Networking.swift in Sources */,
				F78CC3372AA1083C0099181C /* AppetizerTabView.swift in Sources */,
				F78CC3352AA1083C0099181C /* AppetizersApp.swift in Sources */,
				F7C9ECCF2ABDB8F000E5A677 /* RemoteImage.swift in Sources */,
				F7C9ECE02ABDCCD600E5A677 /* AppetizerDetailView.swift in Sources */,
				F752D43B2AAC48A1002073CA /* AppetizerViewModel.swift in Sources */,
				F708EE4E2AB56B0500FFEAAF /* Color + Ext.swift in Sources */,
				F7BB26C22AED2725000C8C6C /* CustomModifiers.swift in Sources */,
				F78CC3432AA108AF0099181C /* AppetizerListView.swift in Sources */,
				F78CC3472AA108C40099181C /* OrderView.swift in Sources */,
			);
			runOnlyForDeploymentPostprocessing = 0;
		};
/* End PBXSourcesBuildPhase section */

/* Begin XCBuildConfiguration section */
		F78CC33D2AA1083D0099181C /* Debug */ = {
			isa = XCBuildConfiguration;
			buildSettings = {
				ALWAYS_SEARCH_USER_PATHS = NO;
				CLANG_ANALYZER_NONNULL = YES;
				CLANG_ANALYZER_NUMBER_OBJECT_CONVERSION = YES_AGGRESSIVE;
				CLANG_CXX_LANGUAGE_STANDARD = "gnu++20";
				CLANG_ENABLE_MODULES = YES;
				CLANG_ENABLE_OBJC_ARC = YES;
				CLANG_ENABLE_OBJC_WEAK = YES;
				CLANG_WARN_BLOCK_CAPTURE_AUTORELEASING = YES;
				CLANG_WARN_BOOL_CONVERSION = YES;
				CLANG_WARN_COMMA = YES;
				CLANG_WARN_CONSTANT_CONVERSION = YES;
				CLANG_WARN_DEPRECATED_OBJC_IMPLEMENTATIONS = YES;
				CLANG_WARN_DIRECT_OBJC_ISA_USAGE = YES_ERROR;
				CLANG_WARN_DOCUMENTATION_COMMENTS = YES;
				CLANG_WARN_EMPTY_BODY = YES;
				CLANG_WARN_ENUM_CONVERSION = YES;
				CLANG_WARN_INFINITE_RECURSION = YES;
				CLANG_WARN_INT_CONVERSION = YES;
				CLANG_WARN_NON_LITERAL_NULL_CONVERSION = YES;
				CLANG_WARN_OBJC_IMPLICIT_RETAIN_SELF = YES;
				CLANG_WARN_OBJC_LITERAL_CONVERSION = YES;
				CLANG_WARN_OBJC_ROOT_CLASS = YES_ERROR;
				CLANG_WARN_QUOTED_INCLUDE_IN_FRAMEWORK_HEADER = YES;
				CLANG_WARN_RANGE_LOOP_ANALYSIS = YES;
				CLANG_WARN_STRICT_PROTOTYPES = YES;
				CLANG_WARN_SUSPICIOUS_MOVE = YES;
				CLANG_WARN_UNGUARDED_AVAILABILITY = YES_AGGRESSIVE;
				CLANG_WARN_UNREACHABLE_CODE = YES;
				CLANG_WARN__DUPLICATE_METHOD_MATCH = YES;
				COPY_PHASE_STRIP = NO;
				DEBUG_INFORMATION_FORMAT = dwarf;
				ENABLE_STRICT_OBJC_MSGSEND = YES;
				ENABLE_TESTABILITY = YES;
				GCC_C_LANGUAGE_STANDARD = gnu11;
				GCC_DYNAMIC_NO_PIC = NO;
				GCC_NO_COMMON_BLOCKS = YES;
				GCC_OPTIMIZATION_LEVEL = 0;
				GCC_PREPROCESSOR_DEFINITIONS = (
					"DEBUG=1",
					"$(inherited)",
				);
				GCC_WARN_64_TO_32_BIT_CONVERSION = YES;
				GCC_WARN_ABOUT_RETURN_TYPE = YES_ERROR;
				GCC_WARN_UNDECLARED_SELECTOR = YES;
				GCC_WARN_UNINITIALIZED_AUTOS = YES_AGGRESSIVE;
				GCC_WARN_UNUSED_FUNCTION = YES;
				GCC_WARN_UNUSED_VARIABLE = YES;
				IPHONEOS_DEPLOYMENT_TARGET = 16.4;
				MTL_ENABLE_DEBUG_INFO = INCLUDE_SOURCE;
				MTL_FAST_MATH = YES;
				ONLY_ACTIVE_ARCH = YES;
				SDKROOT = iphoneos;
				SWIFT_ACTIVE_COMPILATION_CONDITIONS = DEBUG;
				SWIFT_OPTIMIZATION_LEVEL = "-Onone";
			};
			name = Debug;
		};
		F78CC33E2AA1083D0099181C /* Release */ = {
			isa = XCBuildConfiguration;
			buildSettings = {
				ALWAYS_SEARCH_USER_PATHS = NO;
				CLANG_ANALYZER_NONNULL = YES;
				CLANG_ANALYZER_NUMBER_OBJECT_CONVERSION = YES_AGGRESSIVE;
				CLANG_CXX_LANGUAGE_STANDARD = "gnu++20";
				CLANG_ENABLE_MODULES = YES;
				CLANG_ENABLE_OBJC_ARC = YES;
				CLANG_ENABLE_OBJC_WEAK = YES;
				CLANG_WARN_BLOCK_CAPTURE_AUTORELEASING = YES;
				CLANG_WARN_BOOL_CONVERSION = YES;
				CLANG_WARN_COMMA = YES;
				CLANG_WARN_CONSTANT_CONVERSION = YES;
				CLANG_WARN_DEPRECATED_OBJC_IMPLEMENTATIONS = YES;
				CLANG_WARN_DIRECT_OBJC_ISA_USAGE = YES_ERROR;
				CLANG_WARN_DOCUMENTATION_COMMENTS = YES;
				CLANG_WARN_EMPTY_BODY = YES;
				CLANG_WARN_ENUM_CONVERSION = YES;
				CLANG_WARN_INFINITE_RECURSION = YES;
				CLANG_WARN_INT_CONVERSION = YES;
				CLANG_WARN_NON_LITERAL_NULL_CONVERSION = YES;
				CLANG_WARN_OBJC_IMPLICIT_RETAIN_SELF = YES;
				CLANG_WARN_OBJC_LITERAL_CONVERSION = YES;
				CLANG_WARN_OBJC_ROOT_CLASS = YES_ERROR;
				CLANG_WARN_QUOTED_INCLUDE_IN_FRAMEWORK_HEADER = YES;
				CLANG_WARN_RANGE_LOOP_ANALYSIS = YES;
				CLANG_WARN_STRICT_PROTOTYPES = YES;
				CLANG_WARN_SUSPICIOUS_MOVE = YES;
				CLANG_WARN_UNGUARDED_AVAILABILITY = YES_AGGRESSIVE;
				CLANG_WARN_UNREACHABLE_CODE = YES;
				CLANG_WARN__DUPLICATE_METHOD_MATCH = YES;
				COPY_PHASE_STRIP = NO;
				DEBUG_INFORMATION_FORMAT = "dwarf-with-dsym";
				ENABLE_NS_ASSERTIONS = NO;
				ENABLE_STRICT_OBJC_MSGSEND = YES;
				GCC_C_LANGUAGE_STANDARD = gnu11;
				GCC_NO_COMMON_BLOCKS = YES;
				GCC_WARN_64_TO_32_BIT_CONVERSION = YES;
				GCC_WARN_ABOUT_RETURN_TYPE = YES_ERROR;
				GCC_WARN_UNDECLARED_SELECTOR = YES;
				GCC_WARN_UNINITIALIZED_AUTOS = YES_AGGRESSIVE;
				GCC_WARN_UNUSED_FUNCTION = YES;
				GCC_WARN_UNUSED_VARIABLE = YES;
				IPHONEOS_DEPLOYMENT_TARGET = 16.4;
				MTL_ENABLE_DEBUG_INFO = NO;
				MTL_FAST_MATH = YES;
				SDKROOT = iphoneos;
				SWIFT_COMPILATION_MODE = wholemodule;
				SWIFT_OPTIMIZATION_LEVEL = "-O";
				VALIDATE_PRODUCT = YES;
			};
			name = Release;
		};
		F78CC3402AA1083D0099181C /* Debug */ = {
			isa = XCBuildConfiguration;
			buildSettings = {
				ASSETCATALOG_COMPILER_APPICON_NAME = AppIcon;
				ASSETCATALOG_COMPILER_GLOBAL_ACCENT_COLOR_NAME = AccentColor;
				CODE_SIGN_STYLE = Automatic;
				CURRENT_PROJECT_VERSION = 1;
				DEVELOPMENT_ASSET_PATHS = "\"Appetizers/Preview Content\"";
				DEVELOPMENT_TEAM = HSY5R94H24;
				ENABLE_PREVIEWS = YES;
				GENERATE_INFOPLIST_FILE = YES;
				INFOPLIST_KEY_UIApplicationSceneManifest_Generation = YES;
				INFOPLIST_KEY_UIApplicationSupportsIndirectInputEvents = YES;
				INFOPLIST_KEY_UILaunchScreen_Generation = YES;
				INFOPLIST_KEY_UISupportedInterfaceOrientations_iPad = "UIInterfaceOrientationPortrait UIInterfaceOrientationPortraitUpsideDown UIInterfaceOrientationLandscapeLeft UIInterfaceOrientationLandscapeRight";
				INFOPLIST_KEY_UISupportedInterfaceOrientations_iPhone = "UIInterfaceOrientationPortrait UIInterfaceOrientationLandscapeLeft UIInterfaceOrientationLandscapeRight";
				IPHONEOS_DEPLOYMENT_TARGET = 16.0;
				LD_RUNPATH_SEARCH_PATHS = (
					"$(inherited)",
					"@executable_path/Frameworks",
				);
				MARKETING_VERSION = 1.0;
				PRODUCT_BUNDLE_IDENTIFIER = "nodirbek-Khudoyberdiev.Appetizers";
				PRODUCT_NAME = "$(TARGET_NAME)";
				SWIFT_EMIT_LOC_STRINGS = YES;
				SWIFT_VERSION = 5.0;
				TARGETED_DEVICE_FAMILY = "1,2";
			};
			name = Debug;
		};
		F78CC3412AA1083D0099181C /* Release */ = {
			isa = XCBuildConfiguration;
			buildSettings = {
				ASSETCATALOG_COMPILER_APPICON_NAME = AppIcon;
				ASSETCATALOG_COMPILER_GLOBAL_ACCENT_COLOR_NAME = AccentColor;
				CODE_SIGN_STYLE = Automatic;
				CURRENT_PROJECT_VERSION = 1;
				DEVELOPMENT_ASSET_PATHS = "\"Appetizers/Preview Content\"";
				DEVELOPMENT_TEAM = HSY5R94H24;
				ENABLE_PREVIEWS = YES;
				GENERATE_INFOPLIST_FILE = YES;
				INFOPLIST_KEY_UIApplicationSceneManifest_Generation = YES;
				INFOPLIST_KEY_UIApplicationSupportsIndirectInputEvents = YES;
				INFOPLIST_KEY_UILaunchScreen_Generation = YES;
				INFOPLIST_KEY_UISupportedInterfaceOrientations_iPad = "UIInterfaceOrientationPortrait UIInterfaceOrientationPortraitUpsideDown UIInterfaceOrientationLandscapeLeft UIInterfaceOrientationLandscapeRight";
				INFOPLIST_KEY_UISupportedInterfaceOrientations_iPhone = "UIInterfaceOrientationPortrait UIInterfaceOrientationLandscapeLeft UIInterfaceOrientationLandscapeRight";
				IPHONEOS_DEPLOYMENT_TARGET = 16.0;
				LD_RUNPATH_SEARCH_PATHS = (
					"$(inherited)",
					"@executable_path/Frameworks",
				);
				MARKETING_VERSION = 1.0;
				PRODUCT_BUNDLE_IDENTIFIER = "nodirbek-Khudoyberdiev.Appetizers";
				PRODUCT_NAME = "$(TARGET_NAME)";
				SWIFT_EMIT_LOC_STRINGS = YES;
				SWIFT_VERSION = 5.0;
				TARGETED_DEVICE_FAMILY = "1,2";
			};
			name = Release;
		};
/* End XCBuildConfiguration section */

/* Begin XCConfigurationList section */
		F78CC32C2AA1083C0099181C /* Build configuration list for PBXProject "Appetizers" */ = {
			isa = XCConfigurationList;
			buildConfigurations = (
				F78CC33D2AA1083D0099181C /* Debug */,
				F78CC33E2AA1083D0099181C /* Release */,
			);
			defaultConfigurationIsVisible = 0;
			defaultConfigurationName = Release;
		};
		F78CC33F2AA1083D0099181C /* Build configuration list for PBXNativeTarget "Appetizers" */ = {
			isa = XCConfigurationList;
			buildConfigurations = (
				F78CC3402AA1083D0099181C /* Debug */,
				F78CC3412AA1083D0099181C /* Release */,
			);
			defaultConfigurationIsVisible = 0;
			defaultConfigurationName = Release;
		};
/* End XCConfigurationList section */
	};
	rootObject = F78CC3292AA1083C0099181C /* Project object */;
}
